
Microsoft Visual Studio Solution File, Format Version 12.00
# Visual Studio Version 17
VisualStudioVersion = 17.0.32112.339
MinimumVisualStudioVersion = 10.0.40219.1
Project("{FAE04EC0-301F-11D3-BF4B-00C04F79EFBC}") = "BlazorApp2", "BlazorApp2\BlazorApp2.csproj", "{082CC4C6-2360-4682-82C1-2CF8C0FDD78C}"
EndProject
Global
	GlobalSection(SolutionConfigurationPlatforms) = preSolution
		Debug|Any CPU = Debug|Any CPU
		Release|Any CPU = Release|Any CPU
	EndGlobalSection
	GlobalSection(ProjectConfigurationPlatforms) = postSolution
		{082CC4C6-2360-4682-82C1-2CF8C0FDD78C}.Debug|Any CPU.ActiveCfg = Debug|Any CPU
		{082CC4C6-2360-4682-82C1-2CF8C0FDD78C}.Debug|Any CPU.Build.0 = Debug|Any CPU
		{082CC4C6-2360-4682-82C1-2CF8C0FDD78C}.Release|Any CPU.ActiveCfg = Release|Any CPU
		{082CC4C6-2360-4682-82C1-2CF8C0FDD78C}.Release|Any CPU.Build.0 = Release|Any CPU
	EndGlobalSection
	GlobalSection(SolutionProperties) = preSolution
		HideSolutionNode = FALSE
	EndGlobalSection
	GlobalSection(ExtensibilityGlobals) = postSolution
		SolutionGuid = {22E02DD5-3255-469F-A09C-53232B2A5120}
	EndGlobalSection
EndGlobal
